
Microsoft Visual Studio Solution File, Format Version 12.00
# Visual Studio 15
VisualStudioVersion = 15.0.28307.852
MinimumVisualStudioVersion = 10.0.40219.1
Project("{FAE04EC0-301F-11D3-BF4B-00C04F79EFBC}") = "UserRegistrationAPI", "UserRegistrationAPI\UserRegistrationAPI.csproj", "{81C7A28F-CE9A-4343-BFCD-3C955EE94C3A}"
EndProject
Global
	GlobalSection(SolutionConfigurationPlatforms) = preSolution
		Debug|Any CPU = Debug|Any CPU
		Release|Any CPU = Release|Any CPU
	EndGlobalSection
	GlobalSection(ProjectConfigurationPlatforms) = postSolution
		{81C7A28F-CE9A-4343-BFCD-3C955EE94C3A}.Debug|Any CPU.ActiveCfg = Debug|Any CPU
		{81C7A28F-CE9A-4343-BFCD-3C955EE94C3A}.Debug|Any CPU.Build.0 = Debug|Any CPU
		{81C7A28F-CE9A-4343-BFCD-3C955EE94C3A}.Release|Any CPU.ActiveCfg = Release|Any CPU
		{81C7A28F-CE9A-4343-BFCD-3C955EE94C3A}.Release|Any CPU.Build.0 = Release|Any CPU
	EndGlobalSection
	GlobalSection(SolutionProperties) = preSolution
		HideSolutionNode = FALSE
	EndGlobalSection
	GlobalSection(ExtensibilityGlobals) = postSolution
		SolutionGuid = {E741C98F-4D8C-4A4D-A647-21EE2C8C961A}
	EndGlobalSection
EndGlobal
